
Microsoft Visual Studio Solution File, Format Version 12.00
# Visual Studio Version 17
VisualStudioVersion = 17.9.34723.18
MinimumVisualStudioVersion = 10.0.40219.1
Project("{9A19103F-16F7-4668-BE54-9A1E7A4F7556}") = "maui hybrid", "maui hybrid.csproj", "{8DCA6F8B-9D92-496C-AEE6-E1167FBECE40}"
EndProject
Global
	GlobalSection(SolutionConfigurationPlatforms) = preSolution
		Debug|Any CPU = Debug|Any CPU
		Release|Any CPU = Release|Any CPU
	EndGlobalSection
	GlobalSection(ProjectConfigurationPlatforms) = postSolution
		{8DCA6F8B-9D92-496C-AEE6-E1167FBECE40}.Debug|Any CPU.ActiveCfg = Debug|Any CPU
		{8DCA6F8B-9D92-496C-AEE6-E1167FBECE40}.Debug|Any CPU.Build.0 = Debug|Any CPU
		{8DCA6F8B-9D92-496C-AEE6-E1167FBECE40}.Debug|Any CPU.Deploy.0 = Debug|Any CPU
		{8DCA6F8B-9D92-496C-AEE6-E1167FBECE40}.Release|Any CPU.ActiveCfg = Release|Any CPU
		{8DCA6F8B-9D92-496C-AEE6-E1167FBECE40}.Release|Any CPU.Build.0 = Release|Any CPU
		{8DCA6F8B-9D92-496C-AEE6-E1167FBECE40}.Release|Any CPU.Deploy.0 = Release|Any CPU
	EndGlobalSection
	GlobalSection(SolutionProperties) = preSolution
		HideSolutionNode = FALSE
	EndGlobalSection
	GlobalSection(ExtensibilityGlobals) = postSolution
		SolutionGuid = {7D7668D0-FDFE-48F1-BB06-BD3082682C3D}
	EndGlobalSection
EndGlobal
